// !$*UTF8*$!
{
	archiveVersion = 1;
	classes = {
	};
	objectVersion = 46;
	objects = {

/* Begin PBXBuildFile section */
		A117AD341EE8BA9B00B74705 /* AppDelegate.swift in Sources */ = {isa = PBXBuildFile; fileRef = A117AD331EE8BA9B00B74705 /* AppDelegate.swift */; };
		A117AD361EE8BA9B00B74705 /* ViewController.swift in Sources */ = {isa = PBXBuildFile; fileRef = A117AD351EE8BA9B00B74705 /* ViewController.swift */; };
		A117AD3C1EE8BA9B00B74705 /* FlipConnectSDKTestApp.xcdatamodeld in Sources */ = {isa = PBXBuildFile; fileRef = A117AD3A1EE8BA9B00B74705 /* FlipConnectSDKTestApp.xcdatamodeld */; };
		A117AD3E1EE8BA9B00B74705 /* Assets.xcassets in Resources */ = {isa = PBXBuildFile; fileRef = A117AD3D1EE8BA9B00B74705 /* Assets.xcassets */; };
		A1223DE51F06F2CC00755669 /* LoginViewController.swift in Sources */ = {isa = PBXBuildFile; fileRef = A1223DE41F06F2CC00755669 /* LoginViewController.swift */; };
		A1223DED1F0FDA6300755669 /* UserViewController.swift in Sources */ = {isa = PBXBuildFile; fileRef = A1223DEC1F0FDA6300755669 /* UserViewController.swift */; };
		A1223DEF1F13F49100755669 /* AddressesTableViewController.swift in Sources */ = {isa = PBXBuildFile; fileRef = A1223DEE1F13F49000755669 /* AddressesTableViewController.swift */; };
		A1B8DE431F14298A005D9D83 /* AddressTableViewCell.swift in Sources */ = {isa = PBXBuildFile; fileRef = A1B8DE421F14298A005D9D83 /* AddressTableViewCell.swift */; };
		A1B8DE791F143A10005D9D83 /* LaunchScreen.storyboard in Resources */ = {isa = PBXBuildFile; fileRef = A1B8DE761F143A10005D9D83 /* LaunchScreen.storyboard */; };
		A1B8DE7A1F143A10005D9D83 /* Main.storyboard in Resources */ = {isa = PBXBuildFile; fileRef = A1B8DE771F143A10005D9D83 /* Main.storyboard */; };
		A1B8DE7B1F143A10005D9D83 /* AddressTableViewCell.xib in Resources */ = {isa = PBXBuildFile; fileRef = A1B8DE781F143A10005D9D83 /* AddressTableViewCell.xib */; };
		A1CD56201EEEFED400B531ED /* LoginSuccessViewController.swift in Sources */ = {isa = PBXBuildFile; fileRef = A1CD561F1EEEFED400B531ED /* LoginSuccessViewController.swift */; };
		A1F8C80D1F362092001358BE /* FingerPrint_iOS.framework in Frameworks */ = {isa = PBXBuildFile; fileRef = A1F8C80C1F362092001358BE /* FingerPrint_iOS.framework */; };
		A1F8C80E1F362092001358BE /* FingerPrint_iOS.framework in Embed Frameworks */ = {isa = PBXBuildFile; fileRef = A1F8C80C1F362092001358BE /* FingerPrint_iOS.framework */; settings = {ATTRIBUTES = (CodeSignOnCopy, RemoveHeadersOnCopy, ); }; };
		A1F8C8111F3620C5001358BE /* FlipConnectSDK.framework in Frameworks */ = {isa = PBXBuildFile; fileRef = A1F8C8101F3620C5001358BE /* FlipConnectSDK.framework */; };
		A1F8C8121F3620C5001358BE /* FlipConnectSDK.framework in Embed Frameworks */ = {isa = PBXBuildFile; fileRef = A1F8C8101F3620C5001358BE /* FlipConnectSDK.framework */; settings = {ATTRIBUTES = (CodeSignOnCopy, RemoveHeadersOnCopy, ); }; };
/* End PBXBuildFile section */

/* Begin PBXCopyFilesBuildPhase section */
		A1F8C80F1F362092001358BE /* Embed Frameworks */ = {
			isa = PBXCopyFilesBuildPhase;
			buildActionMask = 2147483647;
			dstPath = "";
			dstSubfolderSpec = 10;
			files = (
				A1F8C80E1F362092001358BE /* FingerPrint_iOS.framework in Embed Frameworks */,
				A1F8C8121F3620C5001358BE /* FlipConnectSDK.framework in Embed Frameworks */,
			);
			name = "Embed Frameworks";
			runOnlyForDeploymentPostprocessing = 0;
		};
/* End PBXCopyFilesBuildPhase section */

/* Begin PBXFileReference section */
		A117AD301EE8BA9B00B74705 /* FlipConnectSDKTestApp.app */ = {isa = PBXFileReference; explicitFileType = wrapper.application; includeInIndex = 0; path = FlipConnectSDKTestApp.app; sourceTree = BUILT_PRODUCTS_DIR; };
		A117AD331EE8BA9B00B74705 /* AppDelegate.swift */ = {isa = PBXFileReference; lastKnownFileType = sourcecode.swift; path = AppDelegate.swift; sourceTree = "<group>"; };
		A117AD351EE8BA9B00B74705 /* ViewController.swift */ = {isa = PBXFileReference; lastKnownFileType = sourcecode.swift; path = ViewController.swift; sourceTree = "<group>"; };
		A117AD3B1EE8BA9B00B74705 /* FlipConnectSDKTestApp.xcdatamodel */ = {isa = PBXFileReference; lastKnownFileType = wrapper.xcdatamodel; path = FlipConnectSDKTestApp.xcdatamodel; sourceTree = "<group>"; };
		A117AD3D1EE8BA9B00B74705 /* Assets.xcassets */ = {isa = PBXFileReference; lastKnownFileType = folder.assetcatalog; path = Assets.xcassets; sourceTree = "<group>"; };
		A117AD421EE8BA9B00B74705 /* Info.plist */ = {isa = PBXFileReference; lastKnownFileType = text.plist.xml; path = Info.plist; sourceTree = "<group>"; };
		A1223DE41F06F2CC00755669 /* LoginViewController.swift */ = {isa = PBXFileReference; fileEncoding = 4; lastKnownFileType = sourcecode.swift; path = LoginViewController.swift; sourceTree = "<group>"; };
		A1223DEC1F0FDA6300755669 /* UserViewController.swift */ = {isa = PBXFileReference; fileEncoding = 4; lastKnownFileType = sourcecode.swift; path = UserViewController.swift; sourceTree = "<group>"; };
		A1223DEE1F13F49000755669 /* AddressesTableViewController.swift */ = {isa = PBXFileReference; fileEncoding = 4; lastKnownFileType = sourcecode.swift; path = AddressesTableViewController.swift; sourceTree = "<group>"; };
		A1B8DE421F14298A005D9D83 /* AddressTableViewCell.swift */ = {isa = PBXFileReference; fileEncoding = 4; lastKnownFileType = sourcecode.swift; path = AddressTableViewCell.swift; sourceTree = "<group>"; };
		A1B8DE761F143A10005D9D83 /* LaunchScreen.storyboard */ = {isa = PBXFileReference; fileEncoding = 4; lastKnownFileType = file.storyboard; path = LaunchScreen.storyboard; sourceTree = "<group>"; };
		A1B8DE771F143A10005D9D83 /* Main.storyboard */ = {isa = PBXFileReference; fileEncoding = 4; lastKnownFileType = file.storyboard; path = Main.storyboard; sourceTree = "<group>"; };
		A1B8DE781F143A10005D9D83 /* AddressTableViewCell.xib */ = {isa = PBXFileReference; fileEncoding = 4; lastKnownFileType = file.xib; path = AddressTableViewCell.xib; sourceTree = "<group>"; };
		A1CD561F1EEEFED400B531ED /* LoginSuccessViewController.swift */ = {isa = PBXFileReference; fileEncoding = 4; lastKnownFileType = sourcecode.swift; path = LoginSuccessViewController.swift; sourceTree = "<group>"; };
		A1F8C80C1F362092001358BE /* FingerPrint_iOS.framework */ = {isa = PBXFileReference; lastKnownFileType = wrapper.framework; name = FingerPrint_iOS.framework; path = ../Frameworks/FingerPrint_iOS.framework; sourceTree = "<group>"; };
		A1F8C8101F3620C5001358BE /* FlipConnectSDK.framework */ = {isa = PBXFileReference; lastKnownFileType = wrapper.framework; name = FlipConnectSDK.framework; path = ../Frameworks/FlipConnectSDK.framework; sourceTree = "<group>"; };
/* End PBXFileReference section */

/* Begin PBXFrameworksBuildPhase section */
		A117AD2D1EE8BA9B00B74705 /* Frameworks */ = {
			isa = PBXFrameworksBuildPhase;
			buildActionMask = 2147483647;
			files = (
				A1F8C80D1F362092001358BE /* FingerPrint_iOS.framework in Frameworks */,
				A1F8C8111F3620C5001358BE /* FlipConnectSDK.framework in Frameworks */,
			);
			runOnlyForDeploymentPostprocessing = 0;
		};
/* End PBXFrameworksBuildPhase section */

/* Begin PBXGroup section */
		A117AD271EE8BA9B00B74705 = {
			isa = PBXGroup;
			children = (
				A117AD321EE8BA9B00B74705 /* FlipConnectSDKTestApp */,
				A117AD311EE8BA9B00B74705 /* Products */,
				A1783E9B1F33ACBF0066F601 /* Frameworks */,
			);
			sourceTree = "<group>";
		};
		A117AD311EE8BA9B00B74705 /* Products */ = {
			isa = PBXGroup;
			children = (
				A117AD301EE8BA9B00B74705 /* FlipConnectSDKTestApp.app */,
			);
			name = Products;
			sourceTree = "<group>";
		};
		A117AD321EE8BA9B00B74705 /* FlipConnectSDKTestApp */ = {
			isa = PBXGroup;
			children = (
				A1B8DE3F1F140FF6005D9D83 /* Views */,
				A1CD56211EEEFF6700B531ED /* Controllers */,
				A117AD331EE8BA9B00B74705 /* AppDelegate.swift */,
				A117AD3D1EE8BA9B00B74705 /* Assets.xcassets */,
				A117AD421EE8BA9B00B74705 /* Info.plist */,
				A117AD3A1EE8BA9B00B74705 /* FlipConnectSDKTestApp.xcdatamodeld */,
			);
			path = FlipConnectSDKTestApp;
			sourceTree = "<group>";
		};
		A1783E9B1F33ACBF0066F601 /* Frameworks */ = {
			isa = PBXGroup;
			children = (
				A1F8C8101F3620C5001358BE /* FlipConnectSDK.framework */,
				A1F8C80C1F362092001358BE /* FingerPrint_iOS.framework */,
			);
			name = Frameworks;
			sourceTree = "<group>";
		};
		A1B8DE3F1F140FF6005D9D83 /* Views */ = {
			isa = PBXGroup;
			children = (
				A1B8DE761F143A10005D9D83 /* LaunchScreen.storyboard */,
				A1B8DE771F143A10005D9D83 /* Main.storyboard */,
				A1B8DE781F143A10005D9D83 /* AddressTableViewCell.xib */,
			);
			name = Views;
			sourceTree = "<group>";
		};
		A1CD56211EEEFF6700B531ED /* Controllers */ = {
			isa = PBXGroup;
			children = (
				A1CD561F1EEEFED400B531ED /* LoginSuccessViewController.swift */,
				A117AD351EE8BA9B00B74705 /* ViewController.swift */,
				A1223DE41F06F2CC00755669 /* LoginViewController.swift */,
				A1223DEC1F0FDA6300755669 /* UserViewController.swift */,
				A1223DEE1F13F49000755669 /* AddressesTableViewController.swift */,
				A1B8DE421F14298A005D9D83 /* AddressTableViewCell.swift */,
			);
			name = Controllers;
			sourceTree = "<group>";
		};
/* End PBXGroup section */

/* Begin PBXNativeTarget section */
		A117AD2F1EE8BA9B00B74705 /* FlipConnectSDKTestApp */ = {
			isa = PBXNativeTarget;
			buildConfigurationList = A117AD451EE8BA9B00B74705 /* Build configuration list for PBXNativeTarget "FlipConnectSDKTestApp" */;
			buildPhases = (
				A117AD2C1EE8BA9B00B74705 /* Sources */,
				A117AD2D1EE8BA9B00B74705 /* Frameworks */,
				A117AD2E1EE8BA9B00B74705 /* Resources */,
				A1F8C80F1F362092001358BE /* Embed Frameworks */,
			);
			buildRules = (
			);
			dependencies = (
			);
			name = FlipConnectSDKTestApp;
			productName = FlipConnectSDKTestApp;
			productReference = A117AD301EE8BA9B00B74705 /* FlipConnectSDKTestApp.app */;
			productType = "com.apple.product-type.application";
		};
/* End PBXNativeTarget section */

/* Begin PBXProject section */
		A117AD281EE8BA9B00B74705 /* Project object */ = {
			isa = PBXProject;
			attributes = {
				LastSwiftUpdateCheck = 0830;
				LastUpgradeCheck = 0830;
				ORGANIZATIONNAME = "Flip Connect";
				TargetAttributes = {
					A117AD2F1EE8BA9B00B74705 = {
						CreatedOnToolsVersion = 8.3.2;
						DevelopmentTeam = 8Q54VRJ624;
						ProvisioningStyle = Automatic;
					};
				};
			};
			buildConfigurationList = A117AD2B1EE8BA9B00B74705 /* Build configuration list for PBXProject "FlipConnectSDKTestApp" */;
			compatibilityVersion = "Xcode 3.2";
			developmentRegion = English;
			hasScannedForEncodings = 0;
			knownRegions = (
				en,
				Base,
			);
			mainGroup = A117AD271EE8BA9B00B74705;
			productRefGroup = A117AD311EE8BA9B00B74705 /* Products */;
			projectDirPath = "";
			projectRoot = "";
			targets = (
				A117AD2F1EE8BA9B00B74705 /* FlipConnectSDKTestApp */,
			);
		};
/* End PBXProject section */

/* Begin PBXResourcesBuildPhase section */
		A117AD2E1EE8BA9B00B74705 /* Resources */ = {
			isa = PBXResourcesBuildPhase;
			buildActionMask = 2147483647;
			files = (
				A117AD3E1EE8BA9B00B74705 /* Assets.xcassets in Resources */,
				A1B8DE7A1F143A10005D9D83 /* Main.storyboard in Resources */,
				A1B8DE791F143A10005D9D83 /* LaunchScreen.storyboard in Resources */,
				A1B8DE7B1F143A10005D9D83 /* AddressTableViewCell.xib in Resources */,
			);
			runOnlyForDeploymentPostprocessing = 0;
		};
/* End PBXResourcesBuildPhase section */

/* Begin PBXSourcesBuildPhase section */
		A117AD2C1EE8BA9B00B74705 /* Sources */ = {
			isa = PBXSourcesBuildPhase;
			buildActionMask = 2147483647;
			files = (
				A1CD56201EEEFED400B531ED /* LoginSuccessViewController.swift in Sources */,
				A1223DED1F0FDA6300755669 /* UserViewController.swift in Sources */,
				A117AD361EE8BA9B00B74705 /* ViewController.swift in Sources */,
				A117AD341EE8BA9B00B74705 /* AppDelegate.swift in Sources */,
				A1223DE51F06F2CC00755669 /* LoginViewController.swift in Sources */,
				A1223DEF1F13F49100755669 /* AddressesTableViewController.swift in Sources */,
				A1B8DE431F14298A005D9D83 /* AddressTableViewCell.swift in Sources */,
				A117AD3C1EE8BA9B00B74705 /* FlipConnectSDKTestApp.xcdatamodeld in Sources */,
			);
			runOnlyForDeploymentPostprocessing = 0;
		};
/* End PBXSourcesBuildPhase section */

/* Begin XCBuildConfiguration section */
		A117AD431EE8BA9B00B74705 /* Debug */ = {
			isa = XCBuildConfiguration;
			buildSettings = {
				ALWAYS_SEARCH_USER_PATHS = NO;
				CLANG_ANALYZER_NONNULL = YES;
				CLANG_ANALYZER_NUMBER_OBJECT_CONVERSION = YES_AGGRESSIVE;
				CLANG_CXX_LANGUAGE_STANDARD = "gnu++0x";
				CLANG_CXX_LIBRARY = "libc++";
				CLANG_ENABLE_MODULES = YES;
				CLANG_ENABLE_OBJC_ARC = YES;
				CLANG_WARN_BOOL_CONVERSION = YES;
				CLANG_WARN_CONSTANT_CONVERSION = YES;
				CLANG_WARN_DIRECT_OBJC_ISA_USAGE = YES_ERROR;
				CLANG_WARN_DOCUMENTATION_COMMENTS = YES;
				CLANG_WARN_EMPTY_BODY = YES;
				CLANG_WARN_ENUM_CONVERSION = YES;
				CLANG_WARN_INFINITE_RECURSION = YES;
				CLANG_WARN_INT_CONVERSION = YES;
				CLANG_WARN_OBJC_ROOT_CLASS = YES_ERROR;
				CLANG_WARN_SUSPICIOUS_MOVE = YES;
				CLANG_WARN_UNREACHABLE_CODE = YES;
				CLANG_WARN__DUPLICATE_METHOD_MATCH = YES;
				"CODE_SIGN_IDENTITY[sdk=iphoneos*]" = "iPhone Developer";
				COPY_PHASE_STRIP = NO;
				DEBUG_INFORMATION_FORMAT = dwarf;
				ENABLE_STRICT_OBJC_MSGSEND = YES;
				ENABLE_TESTABILITY = YES;
				GCC_C_LANGUAGE_STANDARD = gnu99;
				GCC_DYNAMIC_NO_PIC = NO;
				GCC_NO_COMMON_BLOCKS = YES;
				GCC_OPTIMIZATION_LEVEL = 0;
				GCC_PREPROCESSOR_DEFINITIONS = (
					"DEBUG=1",
					"$(inherited)",
				);
				GCC_WARN_64_TO_32_BIT_CONVERSION = YES;
				GCC_WARN_ABOUT_RETURN_TYPE = YES_ERROR;
				GCC_WARN_UNDECLARED_SELECTOR = YES;
				GCC_WARN_UNINITIALIZED_AUTOS = YES_AGGRESSIVE;
				GCC_WARN_UNUSED_FUNCTION = YES;
				GCC_WARN_UNUSED_VARIABLE = YES;
				IPHONEOS_DEPLOYMENT_TARGET = 10.3;
				MTL_ENABLE_DEBUG_INFO = YES;
				ONLY_ACTIVE_ARCH = YES;
				SDKROOT = iphoneos;
				SWIFT_ACTIVE_COMPILATION_CONDITIONS = DEBUG;
				SWIFT_OPTIMIZATION_LEVEL = "-Onone";
				TARGETED_DEVICE_FAMILY = "1,2";
			};
			name = Debug;
		};
		A117AD441EE8BA9B00B74705 /* Release */ = {
			isa = XCBuildConfiguration;
			buildSettings = {
				ALWAYS_SEARCH_USER_PATHS = NO;
				CLANG_ANALYZER_NONNULL = YES;
				CLANG_ANALYZER_NUMBER_OBJECT_CONVERSION = YES_AGGRESSIVE;
				CLANG_CXX_LANGUAGE_STANDARD = "gnu++0x";
				CLANG_CXX_LIBRARY = "libc++";
				CLANG_ENABLE_MODULES = YES;
				CLANG_ENABLE_OBJC_ARC = YES;
				CLANG_WARN_BOOL_CONVERSION = YES;
				CLANG_WARN_CONSTANT_CONVERSION = YES;
				CLANG_WARN_DIRECT_OBJC_ISA_USAGE = YES_ERROR;
				CLANG_WARN_DOCUMENTATION_COMMENTS = YES;
				CLANG_WARN_EMPTY_BODY = YES;
				CLANG_WARN_ENUM_CONVERSION = YES;
				CLANG_WARN_INFINITE_RECURSION = YES;
				CLANG_WARN_INT_CONVERSION = YES;
				CLANG_WARN_OBJC_ROOT_CLASS = YES_ERROR;
				CLANG_WARN_SUSPICIOUS_MOVE = YES;
				CLANG_WARN_UNREACHABLE_CODE = YES;
				CLANG_WARN__DUPLICATE_METHOD_MATCH = YES;
				"CODE_SIGN_IDENTITY[sdk=iphoneos*]" = "iPhone Developer";
				COPY_PHASE_STRIP = NO;
				DEBUG_INFORMATION_FORMAT = "dwarf-with-dsym";
				ENABLE_NS_ASSERTIONS = NO;
				ENABLE_STRICT_OBJC_MSGSEND = YES;
				GCC_C_LANGUAGE_STANDARD = gnu99;
				GCC_NO_COMMON_BLOCKS = YES;
				GCC_WARN_64_TO_32_BIT_CONVERSION = YES;
				GCC_WARN_ABOUT_RETURN_TYPE = YES_ERROR;
				GCC_WARN_UNDECLARED_SELECTOR = YES;
				GCC_WARN_UNINITIALIZED_AUTOS = YES_AGGRESSIVE;
				GCC_WARN_UNUSED_FUNCTION = YES;
				GCC_WARN_UNUSED_VARIABLE = YES;
				IPHONEOS_DEPLOYMENT_TARGET = 10.3;
				MTL_ENABLE_DEBUG_INFO = NO;
				SDKROOT = iphoneos;
				SWIFT_OPTIMIZATION_LEVEL = "-Owholemodule";
				TARGETED_DEVICE_FAMILY = "1,2";
				VALIDATE_PRODUCT = YES;
			};
			name = Release;
		};
		A117AD461EE8BA9B00B74705 /* Debug */ = {
			isa = XCBuildConfiguration;
			buildSettings = {
				ASSETCATALOG_COMPILER_APPICON_NAME = AppIcon;
				DEVELOPMENT_TEAM = 8Q54VRJ624;
				FRAMEWORK_SEARCH_PATHS = (
					"$(inherited)",
					"$(PROJECT_DIR)",
					"$(PROJECT_DIR)/../Frameworks",
				);
				INFOPLIST_FILE = FlipConnectSDKTestApp/Info.plist;
				LD_RUNPATH_SEARCH_PATHS = "$(inherited) @executable_path/Frameworks";
				PRODUCT_BUNDLE_IDENTIFIER = com.FlipConnect.FlipConnectSDKTestApp;
				PRODUCT_NAME = "$(TARGET_NAME)";
				SWIFT_VERSION = 3.0;
			};
			name = Debug;
		};
		A117AD471EE8BA9B00B74705 /* Release */ = {
			isa = XCBuildConfiguration;
			buildSettings = {
				ASSETCATALOG_COMPILER_APPICON_NAME = AppIcon;
				DEVELOPMENT_TEAM = 8Q54VRJ624;
				FRAMEWORK_SEARCH_PATHS = (
					"$(inherited)",
					"$(PROJECT_DIR)",
					"$(PROJECT_DIR)/../Frameworks",
				);
				INFOPLIST_FILE = FlipConnectSDKTestApp/Info.plist;
				LD_RUNPATH_SEARCH_PATHS = "$(inherited) @executable_path/Frameworks";
				PRODUCT_BUNDLE_IDENTIFIER = com.FlipConnect.FlipConnectSDKTestApp;
				PRODUCT_NAME = "$(TARGET_NAME)";
				SWIFT_VERSION = 3.0;
			};
			name = Release;
		};
/* End XCBuildConfiguration section */

/* Begin XCConfigurationList section */
		A117AD2B1EE8BA9B00B74705 /* Build configuration list for PBXProject "FlipConnectSDKTestApp" */ = {
			isa = XCConfigurationList;
			buildConfigurations = (
				A117AD431EE8BA9B00B74705 /* Debug */,
				A117AD441EE8BA9B00B74705 /* Release */,
			);
			defaultConfigurationIsVisible = 0;
			defaultConfigurationName = Release;
		};
		A117AD451EE8BA9B00B74705 /* Build configuration list for PBXNativeTarget "FlipConnectSDKTestApp" */ = {
			isa = XCConfigurationList;
			buildConfigurations = (
				A117AD461EE8BA9B00B74705 /* Debug */,
				A117AD471EE8BA9B00B74705 /* Release */,
			);
			defaultConfigurationIsVisible = 0;
			defaultConfigurationName = Release;
		};
/* End XCConfigurationList section */

/* Begin XCVersionGroup section */
		A117AD3A1EE8BA9B00B74705 /* FlipConnectSDKTestApp.xcdatamodeld */ = {
			isa = XCVersionGroup;
			children = (
				A117AD3B1EE8BA9B00B74705 /* FlipConnectSDKTestApp.xcdatamodel */,
			);
			currentVersion = A117AD3B1EE8BA9B00B74705 /* FlipConnectSDKTestApp.xcdatamodel */;
			path = FlipConnectSDKTestApp.xcdatamodeld;
			sourceTree = "<group>";
			versionGroupType = wrapper.xcdatamodel;
		};
/* End XCVersionGroup section */
	};
	rootObject = A117AD281EE8BA9B00B74705 /* Project object */;
}
