// !$*UTF8*$!
{
	archiveVersion = 1;
	classes = {
	};
	objectVersion = 46;
	objects = {

/* Begin PBXBuildFile section */
		A117ACE51EE782FE00B74705 /* FlipConnectSDK.framework in Frameworks */ = {isa = PBXBuildFile; fileRef = A117ACDB1EE782FE00B74705 /* FlipConnectSDK.framework */; };
		A117ACEA1EE782FE00B74705 /* FlipConnectSDKTests.swift in Sources */ = {isa = PBXBuildFile; fileRef = A117ACE91EE782FE00B74705 /* FlipConnectSDKTests.swift */; };
		A117ACEC1EE782FE00B74705 /* FlipConnectSDK.h in Headers */ = {isa = PBXBuildFile; fileRef = A117ACDE1EE782FE00B74705 /* FlipConnectSDK.h */; settings = {ATTRIBUTES = (Public, ); }; };
		A117ACF61EE783D700B74705 /* UserDefaultsExtension.swift in Sources */ = {isa = PBXBuildFile; fileRef = A117ACF51EE783D700B74705 /* UserDefaultsExtension.swift */; };
		A117ACF81EE7851D00B74705 /* FCErrors.swift in Sources */ = {isa = PBXBuildFile; fileRef = A117ACF71EE7851D00B74705 /* FCErrors.swift */; };
		A117ACFA1EE7885200B74705 /* FCRedirectHandler.swift in Sources */ = {isa = PBXBuildFile; fileRef = A117ACF91EE7885200B74705 /* FCRedirectHandler.swift */; };
		A117ACFC1EE7A43A00B74705 /* FCConsts.swift in Sources */ = {isa = PBXBuildFile; fileRef = A117ACFB1EE7A43A00B74705 /* FCConsts.swift */; };
		A117AD4D1EE8BC6300B74705 /* FCApi.swift in Sources */ = {isa = PBXBuildFile; fileRef = A117AD4C1EE8BC6300B74705 /* FCApi.swift */; };
		A117AD4F1EE8D46900B74705 /* HTTPHelper.swift in Sources */ = {isa = PBXBuildFile; fileRef = A117AD4E1EE8D46900B74705 /* HTTPHelper.swift */; };
		A117AD511EE9289C00B74705 /* FCLogin.swift in Sources */ = {isa = PBXBuildFile; fileRef = A117AD501EE9289C00B74705 /* FCLogin.swift */; };
		A117AD531EE936AB00B74705 /* PlistHelper.swift in Sources */ = {isa = PBXBuildFile; fileRef = A117AD521EE936AB00B74705 /* PlistHelper.swift */; };
		A1223DE71F0D71D700755669 /* User.swift in Sources */ = {isa = PBXBuildFile; fileRef = A1223DE61F0D71D700755669 /* User.swift */; };
		A1223DE91F0D729D00755669 /* PublicProfile.swift in Sources */ = {isa = PBXBuildFile; fileRef = A1223DE81F0D729D00755669 /* PublicProfile.swift */; };
		A1223DEB1F0FD53000755669 /* FCApiUser.swift in Sources */ = {isa = PBXBuildFile; fileRef = A1223DEA1F0FD53000755669 /* FCApiUser.swift */; };
		A14FFA2F1F17B70E0011D409 /* PublicProfileCell.swift in Sources */ = {isa = PBXBuildFile; fileRef = A14FFA2D1F17B70E0011D409 /* PublicProfileCell.swift */; };
		A14FFA301F17B70E0011D409 /* PublicProfileCell.xib in Resources */ = {isa = PBXBuildFile; fileRef = A14FFA2E1F17B70E0011D409 /* PublicProfileCell.xib */; };
		A14FFA331F17BCEF0011D409 /* PersonalDataCell.swift in Sources */ = {isa = PBXBuildFile; fileRef = A14FFA311F17BCEF0011D409 /* PersonalDataCell.swift */; };
		A14FFA341F17BCEF0011D409 /* PersonalDataCell.xib in Resources */ = {isa = PBXBuildFile; fileRef = A14FFA321F17BCEF0011D409 /* PersonalDataCell.xib */; };
		A14FFA361F1D59A30011D409 /* UIViewControllerExtension.swift in Sources */ = {isa = PBXBuildFile; fileRef = A14FFA351F1D59A30011D409 /* UIViewControllerExtension.swift */; };
		A14FFA391F1D6EA90011D409 /* NSLocaleExtension.swift in Sources */ = {isa = PBXBuildFile; fileRef = A14FFA381F1D6EA90011D409 /* NSLocaleExtension.swift */; };
		A15067A51EFDAA1400794F73 /* RegistrationEditionStoryboard.storyboard in Resources */ = {isa = PBXBuildFile; fileRef = A15067A41EFDAA1400794F73 /* RegistrationEditionStoryboard.storyboard */; };
		A15067A91EFDAA6B00794F73 /* RegistrationEditionViewController.swift in Sources */ = {isa = PBXBuildFile; fileRef = A15067A81EFDAA6B00794F73 /* RegistrationEditionViewController.swift */; };
		A15067AB1F0192C300794F73 /* Response.swift in Sources */ = {isa = PBXBuildFile; fileRef = A15067AA1F0192C300794F73 /* Response.swift */; };
		A15067B31F02C5F400794F73 /* EntitiesTests.swift in Sources */ = {isa = PBXBuildFile; fileRef = A15067B21F02C5F400794F73 /* EntitiesTests.swift */; };
		A16D93F21F28D485005228E1 /* BasePatchRequest.swift in Sources */ = {isa = PBXBuildFile; fileRef = A16D93F11F28D485005228E1 /* BasePatchRequest.swift */; };
		A16D93F61F28D98C005228E1 /* EmailPatchRequest.swift in Sources */ = {isa = PBXBuildFile; fileRef = A16D93F51F28D98C005228E1 /* EmailPatchRequest.swift */; };
		A16D93F81F28DA43005228E1 /* PhonePatchRequest.swift in Sources */ = {isa = PBXBuildFile; fileRef = A16D93F71F28DA43005228E1 /* PhonePatchRequest.swift */; };
		A16D93FA1F28DE29005228E1 /* AddressPatchRequest.swift in Sources */ = {isa = PBXBuildFile; fileRef = A16D93F91F28DE29005228E1 /* AddressPatchRequest.swift */; };
		A16D93FC1F28F81C005228E1 /* DocumentPatchRequest.swift in Sources */ = {isa = PBXBuildFile; fileRef = A16D93FB1F28F81C005228E1 /* DocumentPatchRequest.swift */; };
		A1779AB91F18925F0055B80C /* PersonalData.swift in Sources */ = {isa = PBXBuildFile; fileRef = A1779AB81F18925F0055B80C /* PersonalData.swift */; };
		A1783C471F2678A900AE84EF /* DataCellDelegate.swift in Sources */ = {isa = PBXBuildFile; fileRef = A1783C461F2678A900AE84EF /* DataCellDelegate.swift */; };
		A1783C4A1F267F0900AE84EF /* PhoneCell.swift in Sources */ = {isa = PBXBuildFile; fileRef = A1783C481F267F0900AE84EF /* PhoneCell.swift */; };
		A1783C4B1F267F0900AE84EF /* PhoneCell.xib in Resources */ = {isa = PBXBuildFile; fileRef = A1783C491F267F0900AE84EF /* PhoneCell.xib */; };
		A1783C4F1F26CC7C00AE84EF /* AccountResponse.swift in Sources */ = {isa = PBXBuildFile; fileRef = A1783C4E1F26CC7C00AE84EF /* AccountResponse.swift */; };
		A1783C511F26CE2B00AE84EF /* Account.swift in Sources */ = {isa = PBXBuildFile; fileRef = A1783C501F26CE2B00AE84EF /* Account.swift */; };
		A1783C531F26DED600AE84EF /* FCApiAccount.swift in Sources */ = {isa = PBXBuildFile; fileRef = A1783C521F26DED600AE84EF /* FCApiAccount.swift */; };
		A1783C551F26EFBD00AE84EF /* PublicProfilePatchRequest.swift in Sources */ = {isa = PBXBuildFile; fileRef = A1783C541F26EFBD00AE84EF /* PublicProfilePatchRequest.swift */; };
		A1783C5B1F27C21500AE84EF /* PersonalDataPatchRequest.swift in Sources */ = {isa = PBXBuildFile; fileRef = A1783C5A1F27C21500AE84EF /* PersonalDataPatchRequest.swift */; };
		A1783C5D1F27C25500AE84EF /* PatchRequestProtocol.swift in Sources */ = {isa = PBXBuildFile; fileRef = A1783C5C1F27C25500AE84EF /* PatchRequestProtocol.swift */; };
		A1783C5F1F27CCF700AE84EF /* SerializationHelper.swift in Sources */ = {isa = PBXBuildFile; fileRef = A1783C5E1F27CCF700AE84EF /* SerializationHelper.swift */; };
		A19CBC501F18705E00E3CD45 /* FCEditCategoriesEnum.swift in Sources */ = {isa = PBXBuildFile; fileRef = A19CBC4F1F18705E00E3CD45 /* FCEditCategoriesEnum.swift */; };
		A1C4F9341F20F97100DCD3BF /* CollectionViewReusable.swift in Sources */ = {isa = PBXBuildFile; fileRef = A1C4F92E1F20F97100DCD3BF /* CollectionViewReusable.swift */; };
		A1C4F9351F20F97100DCD3BF /* Info.plist in Resources */ = {isa = PBXBuildFile; fileRef = A1C4F92F1F20F97100DCD3BF /* Info.plist */; };
		A1C4F9361F20F97100DCD3BF /* NibCreatable.swift in Sources */ = {isa = PBXBuildFile; fileRef = A1C4F9301F20F97100DCD3BF /* NibCreatable.swift */; };
		A1C4F9371F20F97100DCD3BF /* Reusable.h in Headers */ = {isa = PBXBuildFile; fileRef = A1C4F9311F20F97100DCD3BF /* Reusable.h */; };
		A1C4F9381F20F97100DCD3BF /* Reusable.swift in Sources */ = {isa = PBXBuildFile; fileRef = A1C4F9321F20F97100DCD3BF /* Reusable.swift */; };
		A1C4F9391F20F97100DCD3BF /* TableViewReusable.swift in Sources */ = {isa = PBXBuildFile; fileRef = A1C4F9331F20F97100DCD3BF /* TableViewReusable.swift */; };
		A1C4F93C1F21228100DCD3BF /* EmailCell.swift in Sources */ = {isa = PBXBuildFile; fileRef = A1C4F93A1F21228100DCD3BF /* EmailCell.swift */; };
		A1C4F93D1F21228100DCD3BF /* EmailCell.xib in Resources */ = {isa = PBXBuildFile; fileRef = A1C4F93B1F21228100DCD3BF /* EmailCell.xib */; };
		A1DAC02C1F02D7520035E955 /* FCApiToken.swift in Sources */ = {isa = PBXBuildFile; fileRef = A1DAC02B1F02D7520035E955 /* FCApiToken.swift */; };
		A1DAC02E1F02D7B80035E955 /* FCApiAddresses.swift in Sources */ = {isa = PBXBuildFile; fileRef = A1DAC02D1F02D7B80035E955 /* FCApiAddresses.swift */; };
		A1DAC0331F02F7420035E955 /* PatchesRequest.swift in Sources */ = {isa = PBXBuildFile; fileRef = A1DAC0321F02F7420035E955 /* PatchesRequest.swift */; };
		A1DAC0351F02F7580035E955 /* AddressesResponse.swift in Sources */ = {isa = PBXBuildFile; fileRef = A1DAC0341F02F7580035E955 /* AddressesResponse.swift */; };
		A1DAC0371F02F76A0035E955 /* Address.swift in Sources */ = {isa = PBXBuildFile; fileRef = A1DAC0361F02F76A0035E955 /* Address.swift */; };
		A1DAC0391F02F9840035E955 /* Phone.swift in Sources */ = {isa = PBXBuildFile; fileRef = A1DAC0381F02F9840035E955 /* Phone.swift */; };
		A1DAC03B1F0300150035E955 /* Email.swift in Sources */ = {isa = PBXBuildFile; fileRef = A1DAC03A1F0300150035E955 /* Email.swift */; };
		A1DAC03D1F0301D50035E955 /* Document.swift in Sources */ = {isa = PBXBuildFile; fileRef = A1DAC03C1F0301D50035E955 /* Document.swift */; };
		A1DAC03F1F03F4EE0035E955 /* FCEditUser.swift in Sources */ = {isa = PBXBuildFile; fileRef = A1DAC03E1F03F4EE0035E955 /* FCEditUser.swift */; };
		A1DCC6971F0C50610072D964 /* DocumentsResponse.swift in Sources */ = {isa = PBXBuildFile; fileRef = A1DCC6961F0C50610072D964 /* DocumentsResponse.swift */; };
		A1DCC6991F0C55670072D964 /* FCApiDocuments.swift in Sources */ = {isa = PBXBuildFile; fileRef = A1DCC6981F0C55670072D964 /* FCApiDocuments.swift */; };
		A1DCC69B1F0ED6F90072D964 /* UserResponse.swift in Sources */ = {isa = PBXBuildFile; fileRef = A1DCC69A1F0ED6F90072D964 /* UserResponse.swift */; };
		A1E6D5BD1EE9E52400488490 /* FCColors.swift in Sources */ = {isa = PBXBuildFile; fileRef = A1E6D5BC1EE9E52400488490 /* FCColors.swift */; };
/* End PBXBuildFile section */

/* Begin PBXContainerItemProxy section */
		A117ACE61EE782FE00B74705 /* PBXContainerItemProxy */ = {
			isa = PBXContainerItemProxy;
			containerPortal = A117ACD21EE782FE00B74705 /* Project object */;
			proxyType = 1;
			remoteGlobalIDString = A117ACDA1EE782FE00B74705;
			remoteInfo = FlipConnectSDK;
		};
/* End PBXContainerItemProxy section */

/* Begin PBXFileReference section */
		A117ACDB1EE782FE00B74705 /* FlipConnectSDK.framework */ = {isa = PBXFileReference; explicitFileType = wrapper.framework; includeInIndex = 0; path = FlipConnectSDK.framework; sourceTree = BUILT_PRODUCTS_DIR; };
		A117ACDE1EE782FE00B74705 /* FlipConnectSDK.h */ = {isa = PBXFileReference; lastKnownFileType = sourcecode.c.h; path = FlipConnectSDK.h; sourceTree = "<group>"; };
		A117ACDF1EE782FE00B74705 /* Info.plist */ = {isa = PBXFileReference; lastKnownFileType = text.plist.xml; path = Info.plist; sourceTree = "<group>"; };
		A117ACE41EE782FE00B74705 /* FlipConnectSDKTests.xctest */ = {isa = PBXFileReference; explicitFileType = wrapper.cfbundle; includeInIndex = 0; path = FlipConnectSDKTests.xctest; sourceTree = BUILT_PRODUCTS_DIR; };
		A117ACE91EE782FE00B74705 /* FlipConnectSDKTests.swift */ = {isa = PBXFileReference; lastKnownFileType = sourcecode.swift; path = FlipConnectSDKTests.swift; sourceTree = "<group>"; };
		A117ACEB1EE782FE00B74705 /* Info.plist */ = {isa = PBXFileReference; lastKnownFileType = text.plist.xml; path = Info.plist; sourceTree = "<group>"; };
		A117ACF51EE783D700B74705 /* UserDefaultsExtension.swift */ = {isa = PBXFileReference; fileEncoding = 4; lastKnownFileType = sourcecode.swift; path = UserDefaultsExtension.swift; sourceTree = "<group>"; };
		A117ACF71EE7851D00B74705 /* FCErrors.swift */ = {isa = PBXFileReference; fileEncoding = 4; lastKnownFileType = sourcecode.swift; path = FCErrors.swift; sourceTree = "<group>"; };
		A117ACF91EE7885200B74705 /* FCRedirectHandler.swift */ = {isa = PBXFileReference; fileEncoding = 4; lastKnownFileType = sourcecode.swift; path = FCRedirectHandler.swift; sourceTree = "<group>"; };
		A117ACFB1EE7A43A00B74705 /* FCConsts.swift */ = {isa = PBXFileReference; fileEncoding = 4; lastKnownFileType = sourcecode.swift; path = FCConsts.swift; sourceTree = "<group>"; };
		A117AD4C1EE8BC6300B74705 /* FCApi.swift */ = {isa = PBXFileReference; fileEncoding = 4; lastKnownFileType = sourcecode.swift; path = FCApi.swift; sourceTree = "<group>"; };
		A117AD4E1EE8D46900B74705 /* HTTPHelper.swift */ = {isa = PBXFileReference; fileEncoding = 4; lastKnownFileType = sourcecode.swift; path = HTTPHelper.swift; sourceTree = "<group>"; };
		A117AD501EE9289C00B74705 /* FCLogin.swift */ = {isa = PBXFileReference; fileEncoding = 4; lastKnownFileType = sourcecode.swift; path = FCLogin.swift; sourceTree = "<group>"; };
		A117AD521EE936AB00B74705 /* PlistHelper.swift */ = {isa = PBXFileReference; fileEncoding = 4; lastKnownFileType = sourcecode.swift; path = PlistHelper.swift; sourceTree = "<group>"; };
		A1223DE61F0D71D700755669 /* User.swift */ = {isa = PBXFileReference; fileEncoding = 4; lastKnownFileType = sourcecode.swift; name = User.swift; path = FlipConnectSDK/User.swift; sourceTree = "<group>"; };
		A1223DE81F0D729D00755669 /* PublicProfile.swift */ = {isa = PBXFileReference; fileEncoding = 4; lastKnownFileType = sourcecode.swift; name = PublicProfile.swift; path = FlipConnectSDK/PublicProfile.swift; sourceTree = "<group>"; };
		A1223DEA1F0FD53000755669 /* FCApiUser.swift */ = {isa = PBXFileReference; fileEncoding = 4; lastKnownFileType = sourcecode.swift; path = FCApiUser.swift; sourceTree = "<group>"; };
		A14FFA2D1F17B70E0011D409 /* PublicProfileCell.swift */ = {isa = PBXFileReference; fileEncoding = 4; lastKnownFileType = sourcecode.swift; path = PublicProfileCell.swift; sourceTree = "<group>"; };
		A14FFA2E1F17B70E0011D409 /* PublicProfileCell.xib */ = {isa = PBXFileReference; fileEncoding = 4; lastKnownFileType = file.xib; path = PublicProfileCell.xib; sourceTree = "<group>"; };
		A14FFA311F17BCEF0011D409 /* PersonalDataCell.swift */ = {isa = PBXFileReference; fileEncoding = 4; lastKnownFileType = sourcecode.swift; path = PersonalDataCell.swift; sourceTree = "<group>"; };
		A14FFA321F17BCEF0011D409 /* PersonalDataCell.xib */ = {isa = PBXFileReference; fileEncoding = 4; lastKnownFileType = file.xib; path = PersonalDataCell.xib; sourceTree = "<group>"; };
		A14FFA351F1D59A30011D409 /* UIViewControllerExtension.swift */ = {isa = PBXFileReference; fileEncoding = 4; lastKnownFileType = sourcecode.swift; path = UIViewControllerExtension.swift; sourceTree = "<group>"; };
		A14FFA381F1D6EA90011D409 /* NSLocaleExtension.swift */ = {isa = PBXFileReference; fileEncoding = 4; lastKnownFileType = sourcecode.swift; path = NSLocaleExtension.swift; sourceTree = "<group>"; };
		A15067A41EFDAA1400794F73 /* RegistrationEditionStoryboard.storyboard */ = {isa = PBXFileReference; fileEncoding = 4; lastKnownFileType = file.storyboard; path = RegistrationEditionStoryboard.storyboard; sourceTree = "<group>"; };
		A15067A81EFDAA6B00794F73 /* RegistrationEditionViewController.swift */ = {isa = PBXFileReference; fileEncoding = 4; lastKnownFileType = sourcecode.swift; path = RegistrationEditionViewController.swift; sourceTree = "<group>"; };
		A15067AA1F0192C300794F73 /* Response.swift */ = {isa = PBXFileReference; fileEncoding = 4; lastKnownFileType = sourcecode.swift; name = Response.swift; path = FlipConnectSDK/Response.swift; sourceTree = "<group>"; };
		A15067B21F02C5F400794F73 /* EntitiesTests.swift */ = {isa = PBXFileReference; fileEncoding = 4; lastKnownFileType = sourcecode.swift; path = EntitiesTests.swift; sourceTree = "<group>"; };
		A16D93F11F28D485005228E1 /* BasePatchRequest.swift */ = {isa = PBXFileReference; fileEncoding = 4; lastKnownFileType = sourcecode.swift; name = BasePatchRequest.swift; path = FlipConnectSDK/BasePatchRequest.swift; sourceTree = "<group>"; };
		A16D93F51F28D98C005228E1 /* EmailPatchRequest.swift */ = {isa = PBXFileReference; fileEncoding = 4; lastKnownFileType = sourcecode.swift; name = EmailPatchRequest.swift; path = FlipConnectSDK/EmailPatchRequest.swift; sourceTree = "<group>"; };
		A16D93F71F28DA43005228E1 /* PhonePatchRequest.swift */ = {isa = PBXFileReference; fileEncoding = 4; lastKnownFileType = sourcecode.swift; name = PhonePatchRequest.swift; path = FlipConnectSDK/PhonePatchRequest.swift; sourceTree = "<group>"; };
		A16D93F91F28DE29005228E1 /* AddressPatchRequest.swift */ = {isa = PBXFileReference; fileEncoding = 4; lastKnownFileType = sourcecode.swift; name = AddressPatchRequest.swift; path = FlipConnectSDK/AddressPatchRequest.swift; sourceTree = "<group>"; };
		A16D93FB1F28F81C005228E1 /* DocumentPatchRequest.swift */ = {isa = PBXFileReference; fileEncoding = 4; lastKnownFileType = sourcecode.swift; name = DocumentPatchRequest.swift; path = FlipConnectSDK/DocumentPatchRequest.swift; sourceTree = "<group>"; };
		A1779AB81F18925F0055B80C /* PersonalData.swift */ = {isa = PBXFileReference; fileEncoding = 4; lastKnownFileType = sourcecode.swift; name = PersonalData.swift; path = FlipConnectSDK/PersonalData.swift; sourceTree = "<group>"; };
		A1783C461F2678A900AE84EF /* DataCellDelegate.swift */ = {isa = PBXFileReference; fileEncoding = 4; lastKnownFileType = sourcecode.swift; path = DataCellDelegate.swift; sourceTree = "<group>"; };
		A1783C481F267F0900AE84EF /* PhoneCell.swift */ = {isa = PBXFileReference; fileEncoding = 4; lastKnownFileType = sourcecode.swift; path = PhoneCell.swift; sourceTree = "<group>"; };
		A1783C491F267F0900AE84EF /* PhoneCell.xib */ = {isa = PBXFileReference; fileEncoding = 4; lastKnownFileType = file.xib; path = PhoneCell.xib; sourceTree = "<group>"; };
		A1783C4E1F26CC7C00AE84EF /* AccountResponse.swift */ = {isa = PBXFileReference; fileEncoding = 4; lastKnownFileType = sourcecode.swift; name = AccountResponse.swift; path = FlipConnectSDK/AccountResponse.swift; sourceTree = "<group>"; };
		A1783C501F26CE2B00AE84EF /* Account.swift */ = {isa = PBXFileReference; fileEncoding = 4; lastKnownFileType = sourcecode.swift; name = Account.swift; path = FlipConnectSDK/Account.swift; sourceTree = "<group>"; };
		A1783C521F26DED600AE84EF /* FCApiAccount.swift */ = {isa = PBXFileReference; fileEncoding = 4; lastKnownFileType = sourcecode.swift; path = FCApiAccount.swift; sourceTree = "<group>"; };
		A1783C541F26EFBD00AE84EF /* PublicProfilePatchRequest.swift */ = {isa = PBXFileReference; fileEncoding = 4; lastKnownFileType = sourcecode.swift; name = PublicProfilePatchRequest.swift; path = FlipConnectSDK/PublicProfilePatchRequest.swift; sourceTree = "<group>"; };
		A1783C5A1F27C21500AE84EF /* PersonalDataPatchRequest.swift */ = {isa = PBXFileReference; fileEncoding = 4; lastKnownFileType = sourcecode.swift; name = PersonalDataPatchRequest.swift; path = FlipConnectSDK/PersonalDataPatchRequest.swift; sourceTree = "<group>"; };
		A1783C5C1F27C25500AE84EF /* PatchRequestProtocol.swift */ = {isa = PBXFileReference; fileEncoding = 4; lastKnownFileType = sourcecode.swift; name = PatchRequestProtocol.swift; path = FlipConnectSDK/PatchRequestProtocol.swift; sourceTree = "<group>"; };
		A1783C5E1F27CCF700AE84EF /* SerializationHelper.swift */ = {isa = PBXFileReference; fileEncoding = 4; lastKnownFileType = sourcecode.swift; path = SerializationHelper.swift; sourceTree = "<group>"; };
		A19CBC4F1F18705E00E3CD45 /* FCEditCategoriesEnum.swift */ = {isa = PBXFileReference; fileEncoding = 4; lastKnownFileType = sourcecode.swift; path = FCEditCategoriesEnum.swift; sourceTree = "<group>"; };
		A1C4F92E1F20F97100DCD3BF /* CollectionViewReusable.swift */ = {isa = PBXFileReference; fileEncoding = 4; lastKnownFileType = sourcecode.swift; path = CollectionViewReusable.swift; sourceTree = "<group>"; };
		A1C4F92F1F20F97100DCD3BF /* Info.plist */ = {isa = PBXFileReference; fileEncoding = 4; lastKnownFileType = text.plist.xml; path = Info.plist; sourceTree = "<group>"; };
		A1C4F9301F20F97100DCD3BF /* NibCreatable.swift */ = {isa = PBXFileReference; fileEncoding = 4; lastKnownFileType = sourcecode.swift; path = NibCreatable.swift; sourceTree = "<group>"; };
		A1C4F9311F20F97100DCD3BF /* Reusable.h */ = {isa = PBXFileReference; fileEncoding = 4; lastKnownFileType = sourcecode.c.h; path = Reusable.h; sourceTree = "<group>"; };
		A1C4F9321F20F97100DCD3BF /* Reusable.swift */ = {isa = PBXFileReference; fileEncoding = 4; lastKnownFileType = sourcecode.swift; path = Reusable.swift; sourceTree = "<group>"; };
		A1C4F9331F20F97100DCD3BF /* TableViewReusable.swift */ = {isa = PBXFileReference; fileEncoding = 4; lastKnownFileType = sourcecode.swift; path = TableViewReusable.swift; sourceTree = "<group>"; };
		A1C4F93A1F21228100DCD3BF /* EmailCell.swift */ = {isa = PBXFileReference; fileEncoding = 4; lastKnownFileType = sourcecode.swift; path = EmailCell.swift; sourceTree = "<group>"; };
		A1C4F93B1F21228100DCD3BF /* EmailCell.xib */ = {isa = PBXFileReference; fileEncoding = 4; lastKnownFileType = file.xib; path = EmailCell.xib; sourceTree = "<group>"; };
		A1DAC02B1F02D7520035E955 /* FCApiToken.swift */ = {isa = PBXFileReference; fileEncoding = 4; lastKnownFileType = sourcecode.swift; path = FCApiToken.swift; sourceTree = "<group>"; };
		A1DAC02D1F02D7B80035E955 /* FCApiAddresses.swift */ = {isa = PBXFileReference; fileEncoding = 4; lastKnownFileType = sourcecode.swift; path = FCApiAddresses.swift; sourceTree = "<group>"; };
		A1DAC0321F02F7420035E955 /* PatchesRequest.swift */ = {isa = PBXFileReference; fileEncoding = 4; lastKnownFileType = sourcecode.swift; name = PatchesRequest.swift; path = FlipConnectSDK/PatchesRequest.swift; sourceTree = "<group>"; };
		A1DAC0341F02F7580035E955 /* AddressesResponse.swift */ = {isa = PBXFileReference; fileEncoding = 4; lastKnownFileType = sourcecode.swift; name = AddressesResponse.swift; path = FlipConnectSDK/AddressesResponse.swift; sourceTree = "<group>"; };
		A1DAC0361F02F76A0035E955 /* Address.swift */ = {isa = PBXFileReference; fileEncoding = 4; lastKnownFileType = sourcecode.swift; name = Address.swift; path = FlipConnectSDK/Address.swift; sourceTree = "<group>"; };
		A1DAC0381F02F9840035E955 /* Phone.swift */ = {isa = PBXFileReference; fileEncoding = 4; lastKnownFileType = sourcecode.swift; name = Phone.swift; path = FlipConnectSDK/Phone.swift; sourceTree = "<group>"; };
		A1DAC03A1F0300150035E955 /* Email.swift */ = {isa = PBXFileReference; fileEncoding = 4; lastKnownFileType = sourcecode.swift; name = Email.swift; path = FlipConnectSDK/Email.swift; sourceTree = "<group>"; };
		A1DAC03C1F0301D50035E955 /* Document.swift */ = {isa = PBXFileReference; fileEncoding = 4; lastKnownFileType = sourcecode.swift; name = Document.swift; path = FlipConnectSDK/Document.swift; sourceTree = "<group>"; };
		A1DAC03E1F03F4EE0035E955 /* FCEditUser.swift */ = {isa = PBXFileReference; fileEncoding = 4; lastKnownFileType = sourcecode.swift; path = FCEditUser.swift; sourceTree = "<group>"; };
		A1DCC6961F0C50610072D964 /* DocumentsResponse.swift */ = {isa = PBXFileReference; fileEncoding = 4; lastKnownFileType = sourcecode.swift; name = DocumentsResponse.swift; path = FlipConnectSDK/DocumentsResponse.swift; sourceTree = "<group>"; };
		A1DCC6981F0C55670072D964 /* FCApiDocuments.swift */ = {isa = PBXFileReference; fileEncoding = 4; lastKnownFileType = sourcecode.swift; path = FCApiDocuments.swift; sourceTree = "<group>"; };
		A1DCC69A1F0ED6F90072D964 /* UserResponse.swift */ = {isa = PBXFileReference; fileEncoding = 4; lastKnownFileType = sourcecode.swift; name = UserResponse.swift; path = FlipConnectSDK/UserResponse.swift; sourceTree = "<group>"; };
		A1E6D5BC1EE9E52400488490 /* FCColors.swift */ = {isa = PBXFileReference; fileEncoding = 4; lastKnownFileType = sourcecode.swift; path = FCColors.swift; sourceTree = "<group>"; };
/* End PBXFileReference section */

/* Begin PBXFrameworksBuildPhase section */
		A117ACD71EE782FE00B74705 /* Frameworks */ = {
			isa = PBXFrameworksBuildPhase;
			buildActionMask = 2147483647;
			files = (
			);
			runOnlyForDeploymentPostprocessing = 0;
		};
		A117ACE11EE782FE00B74705 /* Frameworks */ = {
			isa = PBXFrameworksBuildPhase;
			buildActionMask = 2147483647;
			files = (
				A117ACE51EE782FE00B74705 /* FlipConnectSDK.framework in Frameworks */,
			);
			runOnlyForDeploymentPostprocessing = 0;
		};
/* End PBXFrameworksBuildPhase section */

/* Begin PBXGroup section */
		A117ACD11EE782FE00B74705 = {
			isa = PBXGroup;
			children = (
				A117ACDD1EE782FE00B74705 /* FlipConnectSDK */,
				A117ACE81EE782FE00B74705 /* FlipConnectSDKTests */,
				A117ACDC1EE782FE00B74705 /* Products */,
			);
			sourceTree = "<group>";
		};
		A117ACDC1EE782FE00B74705 /* Products */ = {
			isa = PBXGroup;
			children = (
				A117ACDB1EE782FE00B74705 /* FlipConnectSDK.framework */,
				A117ACE41EE782FE00B74705 /* FlipConnectSDKTests.xctest */,
			);
			name = Products;
			sourceTree = "<group>";
		};
		A117ACDD1EE782FE00B74705 /* FlipConnectSDK */ = {
			isa = PBXGroup;
			children = (
				A1C4F92D1F20F97100DCD3BF /* Reusable */,
				A1DAC02A1F02D7090035E955 /* API */,
				A15067A71EFDAA3D00794F73 /* Controllers */,
				A15067A61EFDAA2200794F73 /* Views */,
				A15067A31EFDA94500794F73 /* Helpers */,
				A15067AC1F0192CE00794F73 /* Entities */,
				A14FFA371F1D6E2F0011D409 /* Extenstions */,
				A117ACDE1EE782FE00B74705 /* FlipConnectSDK.h */,
				A117ACDF1EE782FE00B74705 /* Info.plist */,
				A117ACF71EE7851D00B74705 /* FCErrors.swift */,
				A117ACF91EE7885200B74705 /* FCRedirectHandler.swift */,
				A117ACFB1EE7A43A00B74705 /* FCConsts.swift */,
				A117AD501EE9289C00B74705 /* FCLogin.swift */,
				A1E6D5BC1EE9E52400488490 /* FCColors.swift */,
				A1DAC03E1F03F4EE0035E955 /* FCEditUser.swift */,
				A19CBC4F1F18705E00E3CD45 /* FCEditCategoriesEnum.swift */,
			);
			path = FlipConnectSDK;
			sourceTree = "<group>";
		};
		A117ACE81EE782FE00B74705 /* FlipConnectSDKTests */ = {
			isa = PBXGroup;
			children = (
				A117ACE91EE782FE00B74705 /* FlipConnectSDKTests.swift */,
				A117ACEB1EE782FE00B74705 /* Info.plist */,
				A15067B21F02C5F400794F73 /* EntitiesTests.swift */,
			);
			path = FlipConnectSDKTests;
			sourceTree = "<group>";
		};
		A14FFA371F1D6E2F0011D409 /* Extenstions */ = {
			isa = PBXGroup;
			children = (
				A117ACF51EE783D700B74705 /* UserDefaultsExtension.swift */,
				A14FFA351F1D59A30011D409 /* UIViewControllerExtension.swift */,
				A14FFA381F1D6EA90011D409 /* NSLocaleExtension.swift */,
			);
			name = Extenstions;
			sourceTree = "<group>";
		};
		A15067A31EFDA94500794F73 /* Helpers */ = {
			isa = PBXGroup;
			children = (
				A1783C5E1F27CCF700AE84EF /* SerializationHelper.swift */,
				A117AD521EE936AB00B74705 /* PlistHelper.swift */,
				A117AD4E1EE8D46900B74705 /* HTTPHelper.swift */,
			);
			name = Helpers;
			sourceTree = "<group>";
		};
		A15067A61EFDAA2200794F73 /* Views */ = {
			isa = PBXGroup;
			children = (
				A14FFA2E1F17B70E0011D409 /* PublicProfileCell.xib */,
				A14FFA321F17BCEF0011D409 /* PersonalDataCell.xib */,
				A1C4F93B1F21228100DCD3BF /* EmailCell.xib */,
				A1783C491F267F0900AE84EF /* PhoneCell.xib */,
				A15067A41EFDAA1400794F73 /* RegistrationEditionStoryboard.storyboard */,
			);
			name = Views;
			sourceTree = "<group>";
		};
		A15067A71EFDAA3D00794F73 /* Controllers */ = {
			isa = PBXGroup;
			children = (
				A15067A81EFDAA6B00794F73 /* RegistrationEditionViewController.swift */,
				A14FFA2D1F17B70E0011D409 /* PublicProfileCell.swift */,
				A14FFA311F17BCEF0011D409 /* PersonalDataCell.swift */,
				A1C4F93A1F21228100DCD3BF /* EmailCell.swift */,
				A1783C461F2678A900AE84EF /* DataCellDelegate.swift */,
				A1783C481F267F0900AE84EF /* PhoneCell.swift */,
			);
			name = Controllers;
			sourceTree = "<group>";
		};
		A15067AC1F0192CE00794F73 /* Entities */ = {
			isa = PBXGroup;
			children = (
				A1DAC02F1F02F13C0035E955 /* Requests */,
				A15067AF1F02A67300794F73 /* Responses */,
				A1DAC0361F02F76A0035E955 /* Address.swift */,
				A1DAC0381F02F9840035E955 /* Phone.swift */,
				A1DAC03A1F0300150035E955 /* Email.swift */,
				A1223DE61F0D71D700755669 /* User.swift */,
				A1DAC03C1F0301D50035E955 /* Document.swift */,
				A1223DE81F0D729D00755669 /* PublicProfile.swift */,
				A1779AB81F18925F0055B80C /* PersonalData.swift */,
				A1783C501F26CE2B00AE84EF /* Account.swift */,
			);
			name = Entities;
			path = ..;
			sourceTree = "<group>";
		};
		A15067AF1F02A67300794F73 /* Responses */ = {
			isa = PBXGroup;
			children = (
				A1DCC6961F0C50610072D964 /* DocumentsResponse.swift */,
				A1DAC0341F02F7580035E955 /* AddressesResponse.swift */,
				A15067AA1F0192C300794F73 /* Response.swift */,
				A1DCC69A1F0ED6F90072D964 /* UserResponse.swift */,
				A1783C4E1F26CC7C00AE84EF /* AccountResponse.swift */,
			);
			name = Responses;
			sourceTree = "<group>";
		};
		A1C4F92D1F20F97100DCD3BF /* Reusable */ = {
			isa = PBXGroup;
			children = (
				A1C4F92E1F20F97100DCD3BF /* CollectionViewReusable.swift */,
				A1C4F92F1F20F97100DCD3BF /* Info.plist */,
				A1C4F9301F20F97100DCD3BF /* NibCreatable.swift */,
				A1C4F9311F20F97100DCD3BF /* Reusable.h */,
				A1C4F9321F20F97100DCD3BF /* Reusable.swift */,
				A1C4F9331F20F97100DCD3BF /* TableViewReusable.swift */,
			);
			path = Reusable;
			sourceTree = "<group>";
		};
		A1DAC02A1F02D7090035E955 /* API */ = {
			isa = PBXGroup;
			children = (
				A117AD4C1EE8BC6300B74705 /* FCApi.swift */,
				A1DAC02B1F02D7520035E955 /* FCApiToken.swift */,
				A1DAC02D1F02D7B80035E955 /* FCApiAddresses.swift */,
				A1DCC6981F0C55670072D964 /* FCApiDocuments.swift */,
				A1223DEA1F0FD53000755669 /* FCApiUser.swift */,
				A1783C521F26DED600AE84EF /* FCApiAccount.swift */,
			);
			name = API;
			sourceTree = "<group>";
		};
		A1DAC02F1F02F13C0035E955 /* Requests */ = {
			isa = PBXGroup;
			children = (
				A16D93F11F28D485005228E1 /* BasePatchRequest.swift */,
				A1783C5C1F27C25500AE84EF /* PatchRequestProtocol.swift */,
				A1DAC0321F02F7420035E955 /* PatchesRequest.swift */,
				A1783C541F26EFBD00AE84EF /* PublicProfilePatchRequest.swift */,
				A1783C5A1F27C21500AE84EF /* PersonalDataPatchRequest.swift */,
				A16D93F51F28D98C005228E1 /* EmailPatchRequest.swift */,
				A16D93F71F28DA43005228E1 /* PhonePatchRequest.swift */,
				A16D93F91F28DE29005228E1 /* AddressPatchRequest.swift */,
				A16D93FB1F28F81C005228E1 /* DocumentPatchRequest.swift */,
			);
			name = Requests;
			sourceTree = "<group>";
		};
/* End PBXGroup section */

/* Begin PBXHeadersBuildPhase section */
		A117ACD81EE782FE00B74705 /* Headers */ = {
			isa = PBXHeadersBuildPhase;
			buildActionMask = 2147483647;
			files = (
				A117ACEC1EE782FE00B74705 /* FlipConnectSDK.h in Headers */,
				A1C4F9371F20F97100DCD3BF /* Reusable.h in Headers */,
			);
			runOnlyForDeploymentPostprocessing = 0;
		};
/* End PBXHeadersBuildPhase section */

/* Begin PBXNativeTarget section */
		A117ACDA1EE782FE00B74705 /* FlipConnectSDK */ = {
			isa = PBXNativeTarget;
			buildConfigurationList = A117ACEF1EE782FE00B74705 /* Build configuration list for PBXNativeTarget "FlipConnectSDK" */;
			buildPhases = (
				A117ACD61EE782FE00B74705 /* Sources */,
				A117ACD71EE782FE00B74705 /* Frameworks */,
				A117ACD81EE782FE00B74705 /* Headers */,
				A117ACD91EE782FE00B74705 /* Resources */,
			);
			buildRules = (
			);
			dependencies = (
			);
			name = FlipConnectSDK;
			productName = FlipConnectSDK;
			productReference = A117ACDB1EE782FE00B74705 /* FlipConnectSDK.framework */;
			productType = "com.apple.product-type.framework";
		};
		A117ACE31EE782FE00B74705 /* FlipConnectSDKTests */ = {
			isa = PBXNativeTarget;
			buildConfigurationList = A117ACF21EE782FE00B74705 /* Build configuration list for PBXNativeTarget "FlipConnectSDKTests" */;
			buildPhases = (
				A117ACE01EE782FE00B74705 /* Sources */,
				A117ACE11EE782FE00B74705 /* Frameworks */,
				A117ACE21EE782FE00B74705 /* Resources */,
			);
			buildRules = (
			);
			dependencies = (
				A117ACE71EE782FE00B74705 /* PBXTargetDependency */,
			);
			name = FlipConnectSDKTests;
			productName = FlipConnectSDKTests;
			productReference = A117ACE41EE782FE00B74705 /* FlipConnectSDKTests.xctest */;
			productType = "com.apple.product-type.bundle.unit-test";
		};
/* End PBXNativeTarget section */

/* Begin PBXProject section */
		A117ACD21EE782FE00B74705 /* Project object */ = {
			isa = PBXProject;
			attributes = {
				LastSwiftUpdateCheck = 0830;
				LastUpgradeCheck = 0830;
				ORGANIZATIONNAME = "Flip Connect";
				TargetAttributes = {
					A117ACDA1EE782FE00B74705 = {
						CreatedOnToolsVersion = 8.3.2;
						LastSwiftMigration = 0830;
						ProvisioningStyle = Automatic;
					};
					A117ACE31EE782FE00B74705 = {
						CreatedOnToolsVersion = 8.3.2;
						ProvisioningStyle = Automatic;
					};
				};
			};
			buildConfigurationList = A117ACD51EE782FE00B74705 /* Build configuration list for PBXProject "FlipConnectSDK" */;
			compatibilityVersion = "Xcode 3.2";
			developmentRegion = English;
			hasScannedForEncodings = 0;
			knownRegions = (
				en,
			);
			mainGroup = A117ACD11EE782FE00B74705;
			productRefGroup = A117ACDC1EE782FE00B74705 /* Products */;
			projectDirPath = "";
			projectRoot = "";
			targets = (
				A117ACDA1EE782FE00B74705 /* FlipConnectSDK */,
				A117ACE31EE782FE00B74705 /* FlipConnectSDKTests */,
			);
		};
/* End PBXProject section */

/* Begin PBXResourcesBuildPhase section */
		A117ACD91EE782FE00B74705 /* Resources */ = {
			isa = PBXResourcesBuildPhase;
			buildActionMask = 2147483647;
			files = (
				A1C4F9351F20F97100DCD3BF /* Info.plist in Resources */,
				A1C4F93D1F21228100DCD3BF /* EmailCell.xib in Resources */,
				A14FFA301F17B70E0011D409 /* PublicProfileCell.xib in Resources */,
				A14FFA341F17BCEF0011D409 /* PersonalDataCell.xib in Resources */,
				A1783C4B1F267F0900AE84EF /* PhoneCell.xib in Resources */,
				A15067A51EFDAA1400794F73 /* RegistrationEditionStoryboard.storyboard in Resources */,
			);
			runOnlyForDeploymentPostprocessing = 0;
		};
		A117ACE21EE782FE00B74705 /* Resources */ = {
			isa = PBXResourcesBuildPhase;
			buildActionMask = 2147483647;
			files = (
			);
			runOnlyForDeploymentPostprocessing = 0;
		};
/* End PBXResourcesBuildPhase section */

/* Begin PBXSourcesBuildPhase section */
		A117ACD61EE782FE00B74705 /* Sources */ = {
			isa = PBXSourcesBuildPhase;
			buildActionMask = 2147483647;
			files = (
				A14FFA391F1D6EA90011D409 /* NSLocaleExtension.swift in Sources */,
				A117AD531EE936AB00B74705 /* PlistHelper.swift in Sources */,
				A117ACFC1EE7A43A00B74705 /* FCConsts.swift in Sources */,
				A16D93F61F28D98C005228E1 /* EmailPatchRequest.swift in Sources */,
				A15067A91EFDAA6B00794F73 /* RegistrationEditionViewController.swift in Sources */,
				A1DCC6971F0C50610072D964 /* DocumentsResponse.swift in Sources */,
				A1DAC02E1F02D7B80035E955 /* FCApiAddresses.swift in Sources */,
				A117AD4D1EE8BC6300B74705 /* FCApi.swift in Sources */,
				A1223DE91F0D729D00755669 /* PublicProfile.swift in Sources */,
				A1DCC6991F0C55670072D964 /* FCApiDocuments.swift in Sources */,
				A1C4F9341F20F97100DCD3BF /* CollectionViewReusable.swift in Sources */,
				A19CBC501F18705E00E3CD45 /* FCEditCategoriesEnum.swift in Sources */,
				A117ACF61EE783D700B74705 /* UserDefaultsExtension.swift in Sources */,
				A16D93FC1F28F81C005228E1 /* DocumentPatchRequest.swift in Sources */,
				A117AD4F1EE8D46900B74705 /* HTTPHelper.swift in Sources */,
				A1783C531F26DED600AE84EF /* FCApiAccount.swift in Sources */,
				A1783C5B1F27C21500AE84EF /* PersonalDataPatchRequest.swift in Sources */,
				A1783C511F26CE2B00AE84EF /* Account.swift in Sources */,
				A1DAC0331F02F7420035E955 /* PatchesRequest.swift in Sources */,
				A117ACF81EE7851D00B74705 /* FCErrors.swift in Sources */,
				A15067AB1F0192C300794F73 /* Response.swift in Sources */,
				A16D93F21F28D485005228E1 /* BasePatchRequest.swift in Sources */,
				A1DAC0391F02F9840035E955 /* Phone.swift in Sources */,
				A1E6D5BD1EE9E52400488490 /* FCColors.swift in Sources */,
				A14FFA2F1F17B70E0011D409 /* PublicProfileCell.swift in Sources */,
				A1DAC0371F02F76A0035E955 /* Address.swift in Sources */,
				A1783C4F1F26CC7C00AE84EF /* AccountResponse.swift in Sources */,
				A14FFA361F1D59A30011D409 /* UIViewControllerExtension.swift in Sources */,
				A1DAC03F1F03F4EE0035E955 /* FCEditUser.swift in Sources */,
				A1DAC02C1F02D7520035E955 /* FCApiToken.swift in Sources */,
				A16D93F81F28DA43005228E1 /* PhonePatchRequest.swift in Sources */,
				A1C4F9361F20F97100DCD3BF /* NibCreatable.swift in Sources */,
				A1783C5D1F27C25500AE84EF /* PatchRequestProtocol.swift in Sources */,
				A1DAC03B1F0300150035E955 /* Email.swift in Sources */,
				A117ACFA1EE7885200B74705 /* FCRedirectHandler.swift in Sources */,
				A1223DEB1F0FD53000755669 /* FCApiUser.swift in Sources */,
				A1DAC0351F02F7580035E955 /* AddressesResponse.swift in Sources */,
				A1C4F93C1F21228100DCD3BF /* EmailCell.swift in Sources */,
				A1C4F9391F20F97100DCD3BF /* TableViewReusable.swift in Sources */,
				A1DCC69B1F0ED6F90072D964 /* UserResponse.swift in Sources */,
				A117AD511EE9289C00B74705 /* FCLogin.swift in Sources */,
				A1DAC03D1F0301D50035E955 /* Document.swift in Sources */,
				A1223DE71F0D71D700755669 /* User.swift in Sources */,
				A14FFA331F17BCEF0011D409 /* PersonalDataCell.swift in Sources */,
				A1783C551F26EFBD00AE84EF /* PublicProfilePatchRequest.swift in Sources */,
				A1779AB91F18925F0055B80C /* PersonalData.swift in Sources */,
				A16D93FA1F28DE29005228E1 /* AddressPatchRequest.swift in Sources */,
				A1783C471F2678A900AE84EF /* DataCellDelegate.swift in Sources */,
				A1783C5F1F27CCF700AE84EF /* SerializationHelper.swift in Sources */,
				A1C4F9381F20F97100DCD3BF /* Reusable.swift in Sources */,
				A1783C4A1F267F0900AE84EF /* PhoneCell.swift in Sources */,
			);
			runOnlyForDeploymentPostprocessing = 0;
		};
		A117ACE01EE782FE00B74705 /* Sources */ = {
			isa = PBXSourcesBuildPhase;
			buildActionMask = 2147483647;
			files = (
				A15067B31F02C5F400794F73 /* EntitiesTests.swift in Sources */,
				A117ACEA1EE782FE00B74705 /* FlipConnectSDKTests.swift in Sources */,
			);
			runOnlyForDeploymentPostprocessing = 0;
		};
/* End PBXSourcesBuildPhase section */

/* Begin PBXTargetDependency section */
		A117ACE71EE782FE00B74705 /* PBXTargetDependency */ = {
			isa = PBXTargetDependency;
			target = A117ACDA1EE782FE00B74705 /* FlipConnectSDK */;
			targetProxy = A117ACE61EE782FE00B74705 /* PBXContainerItemProxy */;
		};
/* End PBXTargetDependency section */

/* Begin XCBuildConfiguration section */
		A117ACED1EE782FE00B74705 /* Debug */ = {
			isa = XCBuildConfiguration;
			buildSettings = {
				ALWAYS_SEARCH_USER_PATHS = NO;
				CLANG_ANALYZER_NONNULL = YES;
				CLANG_ANALYZER_NUMBER_OBJECT_CONVERSION = YES_AGGRESSIVE;
				CLANG_CXX_LANGUAGE_STANDARD = "gnu++0x";
				CLANG_CXX_LIBRARY = "libc++";
				CLANG_ENABLE_MODULES = YES;
				CLANG_ENABLE_OBJC_ARC = YES;
				CLANG_WARN_BOOL_CONVERSION = YES;
				CLANG_WARN_CONSTANT_CONVERSION = YES;
				CLANG_WARN_DIRECT_OBJC_ISA_USAGE = YES_ERROR;
				CLANG_WARN_DOCUMENTATION_COMMENTS = YES;
				CLANG_WARN_EMPTY_BODY = YES;
				CLANG_WARN_ENUM_CONVERSION = YES;
				CLANG_WARN_INFINITE_RECURSION = YES;
				CLANG_WARN_INT_CONVERSION = YES;
				CLANG_WARN_OBJC_ROOT_CLASS = YES_ERROR;
				CLANG_WARN_SUSPICIOUS_MOVE = YES;
				CLANG_WARN_UNREACHABLE_CODE = YES;
				CLANG_WARN__DUPLICATE_METHOD_MATCH = YES;
				"CODE_SIGN_IDENTITY[sdk=iphoneos*]" = "iPhone Developer";
				COPY_PHASE_STRIP = NO;
				CURRENT_PROJECT_VERSION = 1;
				DEBUG_INFORMATION_FORMAT = dwarf;
				ENABLE_STRICT_OBJC_MSGSEND = YES;
				ENABLE_TESTABILITY = YES;
				GCC_C_LANGUAGE_STANDARD = gnu99;
				GCC_DYNAMIC_NO_PIC = NO;
				GCC_NO_COMMON_BLOCKS = YES;
				GCC_OPTIMIZATION_LEVEL = 0;
				GCC_PREPROCESSOR_DEFINITIONS = (
					"DEBUG=1",
					"$(inherited)",
				);
				GCC_WARN_64_TO_32_BIT_CONVERSION = YES;
				GCC_WARN_ABOUT_RETURN_TYPE = YES_ERROR;
				GCC_WARN_UNDECLARED_SELECTOR = YES;
				GCC_WARN_UNINITIALIZED_AUTOS = YES_AGGRESSIVE;
				GCC_WARN_UNUSED_FUNCTION = YES;
				GCC_WARN_UNUSED_VARIABLE = YES;
				IPHONEOS_DEPLOYMENT_TARGET = 10.3;
				MTL_ENABLE_DEBUG_INFO = YES;
				ONLY_ACTIVE_ARCH = YES;
				SDKROOT = iphoneos;
				SWIFT_ACTIVE_COMPILATION_CONDITIONS = DEBUG;
				SWIFT_OPTIMIZATION_LEVEL = "-Onone";
				TARGETED_DEVICE_FAMILY = "1,2";
				VERSIONING_SYSTEM = "apple-generic";
				VERSION_INFO_PREFIX = "";
			};
			name = Debug;
		};
		A117ACEE1EE782FE00B74705 /* Release */ = {
			isa = XCBuildConfiguration;
			buildSettings = {
				ALWAYS_SEARCH_USER_PATHS = NO;
				CLANG_ANALYZER_NONNULL = YES;
				CLANG_ANALYZER_NUMBER_OBJECT_CONVERSION = YES_AGGRESSIVE;
				CLANG_CXX_LANGUAGE_STANDARD = "gnu++0x";
				CLANG_CXX_LIBRARY = "libc++";
				CLANG_ENABLE_MODULES = YES;
				CLANG_ENABLE_OBJC_ARC = YES;
				CLANG_WARN_BOOL_CONVERSION = YES;
				CLANG_WARN_CONSTANT_CONVERSION = YES;
				CLANG_WARN_DIRECT_OBJC_ISA_USAGE = YES_ERROR;
				CLANG_WARN_DOCUMENTATION_COMMENTS = YES;
				CLANG_WARN_EMPTY_BODY = YES;
				CLANG_WARN_ENUM_CONVERSION = YES;
				CLANG_WARN_INFINITE_RECURSION = YES;
				CLANG_WARN_INT_CONVERSION = YES;
				CLANG_WARN_OBJC_ROOT_CLASS = YES_ERROR;
				CLANG_WARN_SUSPICIOUS_MOVE = YES;
				CLANG_WARN_UNREACHABLE_CODE = YES;
				CLANG_WARN__DUPLICATE_METHOD_MATCH = YES;
				"CODE_SIGN_IDENTITY[sdk=iphoneos*]" = "iPhone Developer";
				COPY_PHASE_STRIP = NO;
				CURRENT_PROJECT_VERSION = 1;
				DEBUG_INFORMATION_FORMAT = "dwarf-with-dsym";
				ENABLE_NS_ASSERTIONS = NO;
				ENABLE_STRICT_OBJC_MSGSEND = YES;
				GCC_C_LANGUAGE_STANDARD = gnu99;
				GCC_NO_COMMON_BLOCKS = YES;
				GCC_WARN_64_TO_32_BIT_CONVERSION = YES;
				GCC_WARN_ABOUT_RETURN_TYPE = YES_ERROR;
				GCC_WARN_UNDECLARED_SELECTOR = YES;
				GCC_WARN_UNINITIALIZED_AUTOS = YES_AGGRESSIVE;
				GCC_WARN_UNUSED_FUNCTION = YES;
				GCC_WARN_UNUSED_VARIABLE = YES;
				IPHONEOS_DEPLOYMENT_TARGET = 10.3;
				MTL_ENABLE_DEBUG_INFO = NO;
				SDKROOT = iphoneos;
				SWIFT_OPTIMIZATION_LEVEL = "-Owholemodule";
				TARGETED_DEVICE_FAMILY = "1,2";
				VALIDATE_PRODUCT = YES;
				VERSIONING_SYSTEM = "apple-generic";
				VERSION_INFO_PREFIX = "";
			};
			name = Release;
		};
		A117ACF01EE782FE00B74705 /* Debug */ = {
			isa = XCBuildConfiguration;
			buildSettings = {
				CLANG_ENABLE_MODULES = YES;
				CODE_SIGN_IDENTITY = "";
				DEFINES_MODULE = YES;
				DYLIB_COMPATIBILITY_VERSION = 1;
				DYLIB_CURRENT_VERSION = 1;
				DYLIB_INSTALL_NAME_BASE = "@rpath";
				INFOPLIST_FILE = FlipConnectSDK/Info.plist;
				INSTALL_PATH = "$(LOCAL_LIBRARY_DIR)/Frameworks";
				IPHONEOS_DEPLOYMENT_TARGET = 10.0;
				LD_RUNPATH_SEARCH_PATHS = "$(inherited) @executable_path/Frameworks @loader_path/Frameworks";
				PRODUCT_BUNDLE_IDENTIFIER = com.FlipConnect.FlipConnectSDK;
				PRODUCT_NAME = "$(TARGET_NAME)";
				SKIP_INSTALL = YES;
				SWIFT_OPTIMIZATION_LEVEL = "-Onone";
				SWIFT_VERSION = 3.0;
			};
			name = Debug;
		};
		A117ACF11EE782FE00B74705 /* Release */ = {
			isa = XCBuildConfiguration;
			buildSettings = {
				CLANG_ENABLE_MODULES = YES;
				CODE_SIGN_IDENTITY = "";
				DEFINES_MODULE = YES;
				DYLIB_COMPATIBILITY_VERSION = 1;
				DYLIB_CURRENT_VERSION = 1;
				DYLIB_INSTALL_NAME_BASE = "@rpath";
				INFOPLIST_FILE = FlipConnectSDK/Info.plist;
				INSTALL_PATH = "$(LOCAL_LIBRARY_DIR)/Frameworks";
				IPHONEOS_DEPLOYMENT_TARGET = 10.0;
				LD_RUNPATH_SEARCH_PATHS = "$(inherited) @executable_path/Frameworks @loader_path/Frameworks";
				PRODUCT_BUNDLE_IDENTIFIER = com.FlipConnect.FlipConnectSDK;
				PRODUCT_NAME = "$(TARGET_NAME)";
				SKIP_INSTALL = YES;
				SWIFT_VERSION = 3.0;
			};
			name = Release;
		};
		A117ACF31EE782FE00B74705 /* Debug */ = {
			isa = XCBuildConfiguration;
			buildSettings = {
				ALWAYS_EMBED_SWIFT_STANDARD_LIBRARIES = YES;
				INFOPLIST_FILE = FlipConnectSDKTests/Info.plist;
				LD_RUNPATH_SEARCH_PATHS = "$(inherited) @executable_path/Frameworks @loader_path/Frameworks";
				PRODUCT_BUNDLE_IDENTIFIER = com.FlipConnect.FlipConnectSDKTests;
				PRODUCT_NAME = "$(TARGET_NAME)";
				SWIFT_VERSION = 3.0;
			};
			name = Debug;
		};
		A117ACF41EE782FE00B74705 /* Release */ = {
			isa = XCBuildConfiguration;
			buildSettings = {
				ALWAYS_EMBED_SWIFT_STANDARD_LIBRARIES = YES;
				INFOPLIST_FILE = FlipConnectSDKTests/Info.plist;
				LD_RUNPATH_SEARCH_PATHS = "$(inherited) @executable_path/Frameworks @loader_path/Frameworks";
				PRODUCT_BUNDLE_IDENTIFIER = com.FlipConnect.FlipConnectSDKTests;
				PRODUCT_NAME = "$(TARGET_NAME)";
				SWIFT_VERSION = 3.0;
			};
			name = Release;
		};
/* End XCBuildConfiguration section */

/* Begin XCConfigurationList section */
		A117ACD51EE782FE00B74705 /* Build configuration list for PBXProject "FlipConnectSDK" */ = {
			isa = XCConfigurationList;
			buildConfigurations = (
				A117ACED1EE782FE00B74705 /* Debug */,
				A117ACEE1EE782FE00B74705 /* Release */,
			);
			defaultConfigurationIsVisible = 0;
			defaultConfigurationName = Release;
		};
		A117ACEF1EE782FE00B74705 /* Build configuration list for PBXNativeTarget "FlipConnectSDK" */ = {
			isa = XCConfigurationList;
			buildConfigurations = (
				A117ACF01EE782FE00B74705 /* Debug */,
				A117ACF11EE782FE00B74705 /* Release */,
			);
			defaultConfigurationIsVisible = 0;
			defaultConfigurationName = Release;
		};
		A117ACF21EE782FE00B74705 /* Build configuration list for PBXNativeTarget "FlipConnectSDKTests" */ = {
			isa = XCConfigurationList;
			buildConfigurations = (
				A117ACF31EE782FE00B74705 /* Debug */,
				A117ACF41EE782FE00B74705 /* Release */,
			);
			defaultConfigurationIsVisible = 0;
			defaultConfigurationName = Release;
		};
/* End XCConfigurationList section */
	};
	rootObject = A117ACD21EE782FE00B74705 /* Project object */;
}
